
Microsoft Visual Studio Solution File, Format Version 12.00
# Visual Studio Version 16
VisualStudioVersion = 16.0.29728.190
MinimumVisualStudioVersion = 10.0.40219.1
Project("{FAE04EC0-301F-11D3-BF4B-00C04F79EFBC}") = "OperationResult", "OperationResult\OperationResult.csproj", "{E4D078A4-A88E-4876-8BD8-2D44869F0F93}"
EndProject
Global
	GlobalSection(SolutionConfigurationPlatforms) = preSolution
		Debug|Any CPU = Debug|Any CPU
		Release|Any CPU = Release|Any CPU
	EndGlobalSection
	GlobalSection(ProjectConfigurationPlatforms) = postSolution
		{E4D078A4-A88E-4876-8BD8-2D44869F0F93}.Debug|Any CPU.ActiveCfg = Debug|Any CPU
		{E4D078A4-A88E-4876-8BD8-2D44869F0F93}.Debug|Any CPU.Build.0 = Debug|Any CPU
		{E4D078A4-A88E-4876-8BD8-2D44869F0F93}.Release|Any CPU.ActiveCfg = Release|Any CPU
		{E4D078A4-A88E-4876-8BD8-2D44869F0F93}.Release|Any CPU.Build.0 = Release|Any CPU
	EndGlobalSection
	GlobalSection(SolutionProperties) = preSolution
		HideSolutionNode = FALSE
	EndGlobalSection
	GlobalSection(ExtensibilityGlobals) = postSolution
		SolutionGuid = {DB9A6F18-83E1-4248-9820-3E3A5417163C}
	EndGlobalSection
EndGlobal
